
Microsoft Visual Studio Solution File, Format Version 12.00
# Visual Studio Version 17
VisualStudioVersion = 17.5.33530.505
MinimumVisualStudioVersion = 10.0.40219.1
Project("{8BC9CEB8-8B4A-11D0-8D11-00A0C91BC942}") = "rpiais", "rpiais.vcxproj", "{DDD44824-8F52-48A8-9ACF-EA657C5FBC8F}"
EndProject
Project("{8BC9CEB8-8B4A-11D0-8D11-00A0C91BC942}") = "touch_tests", "touchtest\touch_tests.vcxproj", "{4E55883A-87CC-4DC1-82BA-2B4DD75E3AAE}"
EndProject
Global
	GlobalSection(SolutionConfigurationPlatforms) = preSolution
		Debug|ARM = Debug|ARM
		Debug|ARM64 = Debug|ARM64
		Debug|x64 = Debug|x64
		Debug|x86 = Debug|x86
		Release|ARM = Release|ARM
		Release|ARM64 = Release|ARM64
		Release|x64 = Release|x64
		Release|x86 = Release|x86
	EndGlobalSection
	GlobalSection(ProjectConfigurationPlatforms) = postSolution
		{DDD44824-8F52-48A8-9ACF-EA657C5FBC8F}.Debug|ARM.ActiveCfg = Debug|ARM
		{DDD44824-8F52-48A8-9ACF-EA657C5FBC8F}.Debug|ARM.Build.0 = Debug|ARM
		{DDD44824-8F52-48A8-9ACF-EA657C5FBC8F}.Debug|ARM.Deploy.0 = Debug|ARM
		{DDD44824-8F52-48A8-9ACF-EA657C5FBC8F}.Debug|ARM64.ActiveCfg = Debug|ARM64
		{DDD44824-8F52-48A8-9ACF-EA657C5FBC8F}.Debug|ARM64.Build.0 = Debug|ARM64
		{DDD44824-8F52-48A8-9ACF-EA657C5FBC8F}.Debug|ARM64.Deploy.0 = Debug|ARM64
		{DDD44824-8F52-48A8-9ACF-EA657C5FBC8F}.Debug|x64.ActiveCfg = Debug|x64
		{DDD44824-8F52-48A8-9ACF-EA657C5FBC8F}.Debug|x64.Build.0 = Debug|x64
		{DDD44824-8F52-48A8-9ACF-EA657C5FBC8F}.Debug|x64.Deploy.0 = Debug|x64
		{DDD44824-8F52-48A8-9ACF-EA657C5FBC8F}.Debug|x86.ActiveCfg = Debug|x86
		{DDD44824-8F52-48A8-9ACF-EA657C5FBC8F}.Debug|x86.Build.0 = Debug|x86
		{DDD44824-8F52-48A8-9ACF-EA657C5FBC8F}.Debug|x86.Deploy.0 = Debug|x86
		{DDD44824-8F52-48A8-9ACF-EA657C5FBC8F}.Release|ARM.ActiveCfg = Release|ARM
		{DDD44824-8F52-48A8-9ACF-EA657C5FBC8F}.Release|ARM.Build.0 = Release|ARM
		{DDD44824-8F52-48A8-9ACF-EA657C5FBC8F}.Release|ARM.Deploy.0 = Release|ARM
		{DDD44824-8F52-48A8-9ACF-EA657C5FBC8F}.Release|ARM64.ActiveCfg = Release|ARM64
		{DDD44824-8F52-48A8-9ACF-EA657C5FBC8F}.Release|ARM64.Build.0 = Release|ARM64
		{DDD44824-8F52-48A8-9ACF-EA657C5FBC8F}.Release|ARM64.Deploy.0 = Release|ARM64
		{DDD44824-8F52-48A8-9ACF-EA657C5FBC8F}.Release|x64.ActiveCfg = Release|x64
		{DDD44824-8F52-48A8-9ACF-EA657C5FBC8F}.Release|x64.Build.0 = Release|x64
		{DDD44824-8F52-48A8-9ACF-EA657C5FBC8F}.Release|x64.Deploy.0 = Release|x64
		{DDD44824-8F52-48A8-9ACF-EA657C5FBC8F}.Release|x86.ActiveCfg = Release|x86
		{DDD44824-8F52-48A8-9ACF-EA657C5FBC8F}.Release|x86.Build.0 = Release|x86
		{DDD44824-8F52-48A8-9ACF-EA657C5FBC8F}.Release|x86.Deploy.0 = Release|x86
		{4E55883A-87CC-4DC1-82BA-2B4DD75E3AAE}.Debug|ARM.ActiveCfg = Debug|ARM
		{4E55883A-87CC-4DC1-82BA-2B4DD75E3AAE}.Debug|ARM.Build.0 = Debug|ARM
		{4E55883A-87CC-4DC1-82BA-2B4DD75E3AAE}.Debug|ARM.Deploy.0 = Debug|ARM
		{4E55883A-87CC-4DC1-82BA-2B4DD75E3AAE}.Debug|ARM64.ActiveCfg = Debug|ARM64
		{4E55883A-87CC-4DC1-82BA-2B4DD75E3AAE}.Debug|ARM64.Build.0 = Debug|ARM64
		{4E55883A-87CC-4DC1-82BA-2B4DD75E3AAE}.Debug|ARM64.Deploy.0 = Debug|ARM64
		{4E55883A-87CC-4DC1-82BA-2B4DD75E3AAE}.Debug|x64.ActiveCfg = Debug|x64
		{4E55883A-87CC-4DC1-82BA-2B4DD75E3AAE}.Debug|x64.Build.0 = Debug|x64
		{4E55883A-87CC-4DC1-82BA-2B4DD75E3AAE}.Debug|x64.Deploy.0 = Debug|x64
		{4E55883A-87CC-4DC1-82BA-2B4DD75E3AAE}.Debug|x86.ActiveCfg = Debug|x86
		{4E55883A-87CC-4DC1-82BA-2B4DD75E3AAE}.Debug|x86.Build.0 = Debug|x86
		{4E55883A-87CC-4DC1-82BA-2B4DD75E3AAE}.Debug|x86.Deploy.0 = Debug|x86
		{4E55883A-87CC-4DC1-82BA-2B4DD75E3AAE}.Release|ARM.ActiveCfg = Release|ARM
		{4E55883A-87CC-4DC1-82BA-2B4DD75E3AAE}.Release|ARM.Build.0 = Release|ARM
		{4E55883A-87CC-4DC1-82BA-2B4DD75E3AAE}.Release|ARM.Deploy.0 = Release|ARM
		{4E55883A-87CC-4DC1-82BA-2B4DD75E3AAE}.Release|ARM64.ActiveCfg = Release|ARM64
		{4E55883A-87CC-4DC1-82BA-2B4DD75E3AAE}.Release|ARM64.Build.0 = Release|ARM64
		{4E55883A-87CC-4DC1-82BA-2B4DD75E3AAE}.Release|ARM64.Deploy.0 = Release|ARM64
		{4E55883A-87CC-4DC1-82BA-2B4DD75E3AAE}.Release|x64.ActiveCfg = Release|x64
		{4E55883A-87CC-4DC1-82BA-2B4DD75E3AAE}.Release|x64.Build.0 = Release|x64
		{4E55883A-87CC-4DC1-82BA-2B4DD75E3AAE}.Release|x64.Deploy.0 = Release|x64
		{4E55883A-87CC-4DC1-82BA-2B4DD75E3AAE}.Release|x86.ActiveCfg = Release|x86
		{4E55883A-87CC-4DC1-82BA-2B4DD75E3AAE}.Release|x86.Build.0 = Release|x86
		{4E55883A-87CC-4DC1-82BA-2B4DD75E3AAE}.Release|x86.Deploy.0 = Release|x86
	EndGlobalSection
	GlobalSection(SolutionProperties) = preSolution
		HideSolutionNode = FALSE
	EndGlobalSection
	GlobalSection(ExtensibilityGlobals) = postSolution
		SolutionGuid = {28618787-D6D1-49F5-87EF-8929491E1970}
	EndGlobalSection
EndGlobal
