
Microsoft Visual Studio Solution File, Format Version 12.00
# Visual Studio Version 17
VisualStudioVersion = 17.5.33530.505
MinimumVisualStudioVersion = 10.0.40219.1
Project("{8BC9CEB8-8B4A-11D0-8D11-00A0C91BC942}") = "rpiais", "rpiais.vcxproj", "{DDD44824-8F52-48A8-9ACF-EA657C5FBC8F}"
EndProject
Project("{8BC9CEB8-8B4A-11D0-8D11-00A0C91BC942}") = "touch_tests", "touchtest\touch_tests.vcxproj", "{4E55883A-87CC-4DC1-82BA-2B4DD75E3AAE}"
EndProject
Project("{8BC9CEB8-8B4A-11D0-8D11-00A0C91BC942}") = "touchcal", "touchcal\touchcal.vcxproj", "{C87B5337-71AC-4AB0-A92E-D2B28D545456}"
EndProject
Global
	GlobalSection(SolutionConfigurationPlatforms) = preSolution
		Debug|RasPi ARM64 = Debug|RasPi ARM64
		Debug|VM x64 = Debug|VM x64
		Release|RasPi ARM64 = Release|RasPi ARM64
		Release|VM x64 = Release|VM x64
	EndGlobalSection
	GlobalSection(ProjectConfigurationPlatforms) = postSolution
		{DDD44824-8F52-48A8-9ACF-EA657C5FBC8F}.Debug|RasPi ARM64.ActiveCfg = Debug|ARM64
		{DDD44824-8F52-48A8-9ACF-EA657C5FBC8F}.Debug|RasPi ARM64.Build.0 = Debug|ARM64
		{DDD44824-8F52-48A8-9ACF-EA657C5FBC8F}.Debug|RasPi ARM64.Deploy.0 = Debug|ARM64
		{DDD44824-8F52-48A8-9ACF-EA657C5FBC8F}.Debug|VM x64.ActiveCfg = Debug|x64
		{DDD44824-8F52-48A8-9ACF-EA657C5FBC8F}.Debug|VM x64.Build.0 = Debug|x64
		{DDD44824-8F52-48A8-9ACF-EA657C5FBC8F}.Debug|VM x64.Deploy.0 = Debug|x64
		{DDD44824-8F52-48A8-9ACF-EA657C5FBC8F}.Release|RasPi ARM64.ActiveCfg = Release|ARM64
		{DDD44824-8F52-48A8-9ACF-EA657C5FBC8F}.Release|RasPi ARM64.Build.0 = Release|ARM64
		{DDD44824-8F52-48A8-9ACF-EA657C5FBC8F}.Release|RasPi ARM64.Deploy.0 = Release|ARM64
		{DDD44824-8F52-48A8-9ACF-EA657C5FBC8F}.Release|VM x64.ActiveCfg = Release|x64
		{DDD44824-8F52-48A8-9ACF-EA657C5FBC8F}.Release|VM x64.Build.0 = Release|x64
		{DDD44824-8F52-48A8-9ACF-EA657C5FBC8F}.Release|VM x64.Deploy.0 = Release|x64
		{4E55883A-87CC-4DC1-82BA-2B4DD75E3AAE}.Debug|RasPi ARM64.ActiveCfg = Debug|ARM64
		{4E55883A-87CC-4DC1-82BA-2B4DD75E3AAE}.Debug|RasPi ARM64.Build.0 = Debug|ARM64
		{4E55883A-87CC-4DC1-82BA-2B4DD75E3AAE}.Debug|RasPi ARM64.Deploy.0 = Debug|ARM64
		{4E55883A-87CC-4DC1-82BA-2B4DD75E3AAE}.Debug|VM x64.ActiveCfg = Debug|x64
		{4E55883A-87CC-4DC1-82BA-2B4DD75E3AAE}.Debug|VM x64.Build.0 = Debug|x64
		{4E55883A-87CC-4DC1-82BA-2B4DD75E3AAE}.Debug|VM x64.Deploy.0 = Debug|x64
		{4E55883A-87CC-4DC1-82BA-2B4DD75E3AAE}.Release|RasPi ARM64.ActiveCfg = Release|ARM64
		{4E55883A-87CC-4DC1-82BA-2B4DD75E3AAE}.Release|RasPi ARM64.Build.0 = Release|ARM64
		{4E55883A-87CC-4DC1-82BA-2B4DD75E3AAE}.Release|RasPi ARM64.Deploy.0 = Release|ARM64
		{4E55883A-87CC-4DC1-82BA-2B4DD75E3AAE}.Release|VM x64.ActiveCfg = Release|x64
		{4E55883A-87CC-4DC1-82BA-2B4DD75E3AAE}.Release|VM x64.Build.0 = Release|x64
		{4E55883A-87CC-4DC1-82BA-2B4DD75E3AAE}.Release|VM x64.Deploy.0 = Release|x64
		{C87B5337-71AC-4AB0-A92E-D2B28D545456}.Debug|RasPi ARM64.ActiveCfg = Debug|ARM64
		{C87B5337-71AC-4AB0-A92E-D2B28D545456}.Debug|RasPi ARM64.Build.0 = Debug|ARM64
		{C87B5337-71AC-4AB0-A92E-D2B28D545456}.Debug|RasPi ARM64.Deploy.0 = Debug|ARM64
		{C87B5337-71AC-4AB0-A92E-D2B28D545456}.Debug|VM x64.ActiveCfg = Debug|x64
		{C87B5337-71AC-4AB0-A92E-D2B28D545456}.Debug|VM x64.Build.0 = Debug|x64
		{C87B5337-71AC-4AB0-A92E-D2B28D545456}.Debug|VM x64.Deploy.0 = Debug|x64
		{C87B5337-71AC-4AB0-A92E-D2B28D545456}.Release|RasPi ARM64.ActiveCfg = Release|ARM64
		{C87B5337-71AC-4AB0-A92E-D2B28D545456}.Release|RasPi ARM64.Build.0 = Release|ARM64
		{C87B5337-71AC-4AB0-A92E-D2B28D545456}.Release|RasPi ARM64.Deploy.0 = Release|ARM64
		{C87B5337-71AC-4AB0-A92E-D2B28D545456}.Release|VM x64.ActiveCfg = Release|x64
		{C87B5337-71AC-4AB0-A92E-D2B28D545456}.Release|VM x64.Build.0 = Release|x64
		{C87B5337-71AC-4AB0-A92E-D2B28D545456}.Release|VM x64.Deploy.0 = Release|x64
	EndGlobalSection
	GlobalSection(SolutionProperties) = preSolution
		HideSolutionNode = FALSE
	EndGlobalSection
	GlobalSection(ExtensibilityGlobals) = postSolution
		SolutionGuid = {28618787-D6D1-49F5-87EF-8929491E1970}
	EndGlobalSection
EndGlobal
